// !$*UTF8*$!
{
	archiveVersion = 1;
	classes = {
	};
	objectVersion = 55;
	objects = {

/* Begin PBXBuildFile section */
		225B11C127AC3D3400FF513A /* AppDelegate.swift in Sources */ = {isa = PBXBuildFile; fileRef = 225B11C027AC3D3400FF513A /* AppDelegate.swift */; };
		225B11C327AC3D3400FF513A /* SceneDelegate.swift in Sources */ = {isa = PBXBuildFile; fileRef = 225B11C227AC3D3400FF513A /* SceneDelegate.swift */; };
		225B11C527AC3D3400FF513A /* ViewController.swift in Sources */ = {isa = PBXBuildFile; fileRef = 225B11C427AC3D3400FF513A /* ViewController.swift */; };
		225B11C827AC3D3400FF513A /* Main.storyboard in Resources */ = {isa = PBXBuildFile; fileRef = 225B11C627AC3D3400FF513A /* Main.storyboard */; };
		225B11CA27AC3D3500FF513A /* Assets.xcassets in Resources */ = {isa = PBXBuildFile; fileRef = 225B11C927AC3D3500FF513A /* Assets.xcassets */; };
		225B11CD27AC3D3500FF513A /* LaunchScreen.storyboard in Resources */ = {isa = PBXBuildFile; fileRef = 225B11CB27AC3D3500FF513A /* LaunchScreen.storyboard */; };
		225B11D827AC3D3500FF513A /* HardDependenciesTests.swift in Sources */ = {isa = PBXBuildFile; fileRef = 225B11D727AC3D3500FF513A /* HardDependenciesTests.swift */; };
		225B11E227AC3D3500FF513A /* HardDependenciesUITests.swift in Sources */ = {isa = PBXBuildFile; fileRef = 225B11E127AC3D3500FF513A /* HardDependenciesUITests.swift */; };
		225B11E427AC3D3500FF513A /* HardDependenciesUITestsLaunchTests.swift in Sources */ = {isa = PBXBuildFile; fileRef = 225B11E327AC3D3500FF513A /* HardDependenciesUITestsLaunchTests.swift */; };
		225B11F127AC3F7300FF513A /* Analytics.swift in Sources */ = {isa = PBXBuildFile; fileRef = 225B11F027AC3F7300FF513A /* Analytics.swift */; };
		225B11F327AC40FB00FF513A /* MySingletonAnalytics.swift in Sources */ = {isa = PBXBuildFile; fileRef = 225B11F227AC40FB00FF513A /* MySingletonAnalytics.swift */; };
		225B11F527AC50ED00FF513A /* InstancePropertyViewController.swift in Sources */ = {isa = PBXBuildFile; fileRef = 225B11F427AC50ED00FF513A /* InstancePropertyViewController.swift */; };
		225B11F727AC515300FF513A /* ClosurePropertyViewController.swift in Sources */ = {isa = PBXBuildFile; fileRef = 225B11F627AC515300FF513A /* ClosurePropertyViewController.swift */; };
		225B11FA27AC52A000FF513A /* OverrideViewController.swift in Sources */ = {isa = PBXBuildFile; fileRef = 225B11F827AC52A000FF513A /* OverrideViewController.swift */; };
		225B11FB27AC52A000FF513A /* OverrideViewController.xib in Resources */ = {isa = PBXBuildFile; fileRef = 225B11F927AC52A000FF513A /* OverrideViewController.xib */; };
		225B11FE27AC536C00FF513A /* InstanceInitializerViewController.swift in Sources */ = {isa = PBXBuildFile; fileRef = 225B11FC27AC536C00FF513A /* InstanceInitializerViewController.swift */; };
		225B11FF27AC536C00FF513A /* InstanceInitializerViewController.xib in Resources */ = {isa = PBXBuildFile; fileRef = 225B11FD27AC536C00FF513A /* InstanceInitializerViewController.xib */; };
		225B120227AC538A00FF513A /* ClosureInitializerViewController.swift in Sources */ = {isa = PBXBuildFile; fileRef = 225B120027AC538A00FF513A /* ClosureInitializerViewController.swift */; };
		225B120327AC538A00FF513A /* ClosureInitializerViewController.xib in Resources */ = {isa = PBXBuildFile; fileRef = 225B120127AC538A00FF513A /* ClosureInitializerViewController.xib */; };
		225B120627AC53B500FF513A /* MySingletonViewController.swift in Sources */ = {isa = PBXBuildFile; fileRef = 225B120427AC53B500FF513A /* MySingletonViewController.swift */; };
		225B120727AC53B500FF513A /* MySingletonViewController.xib in Resources */ = {isa = PBXBuildFile; fileRef = 225B120527AC53B500FF513A /* MySingletonViewController.xib */; };
		225B120927AC5BEA00FF513A /* MySingletonViewControllerTests.swift in Sources */ = {isa = PBXBuildFile; fileRef = 225B120827AC5BEA00FF513A /* MySingletonViewControllerTests.swift */; };
		225B120D27AC690100FF513A /* OverrideViewControllerTests.swift in Sources */ = {isa = PBXBuildFile; fileRef = 225B120C27AC690100FF513A /* OverrideViewControllerTests.swift */; };
/* End PBXBuildFile section */

/* Begin PBXContainerItemProxy section */
		225B11D427AC3D3500FF513A /* PBXContainerItemProxy */ = {
			isa = PBXContainerItemProxy;
			containerPortal = 225B11B527AC3D3400FF513A /* Project object */;
			proxyType = 1;
			remoteGlobalIDString = 225B11BC27AC3D3400FF513A;
			remoteInfo = HardDependencies;
		};
		225B11DE27AC3D3500FF513A /* PBXContainerItemProxy */ = {
			isa = PBXContainerItemProxy;
			containerPortal = 225B11B527AC3D3400FF513A /* Project object */;
			proxyType = 1;
			remoteGlobalIDString = 225B11BC27AC3D3400FF513A;
			remoteInfo = HardDependencies;
		};
/* End PBXContainerItemProxy section */

/* Begin PBXFileReference section */
		225B11BD27AC3D3400FF513A /* HardDependencies.app */ = {isa = PBXFileReference; explicitFileType = wrapper.application; includeInIndex = 0; path = HardDependencies.app; sourceTree = BUILT_PRODUCTS_DIR; };
		225B11C027AC3D3400FF513A /* AppDelegate.swift */ = {isa = PBXFileReference; lastKnownFileType = sourcecode.swift; path = AppDelegate.swift; sourceTree = "<group>"; };
		225B11C227AC3D3400FF513A /* SceneDelegate.swift */ = {isa = PBXFileReference; lastKnownFileType = sourcecode.swift; path = SceneDelegate.swift; sourceTree = "<group>"; };
		225B11C427AC3D3400FF513A /* ViewController.swift */ = {isa = PBXFileReference; lastKnownFileType = sourcecode.swift; path = ViewController.swift; sourceTree = "<group>"; };
		225B11C727AC3D3400FF513A /* Base */ = {isa = PBXFileReference; lastKnownFileType = file.storyboard; name = Base; path = Base.lproj/Main.storyboard; sourceTree = "<group>"; };
		225B11C927AC3D3500FF513A /* Assets.xcassets */ = {isa = PBXFileReference; lastKnownFileType = folder.assetcatalog; path = Assets.xcassets; sourceTree = "<group>"; };
		225B11CC27AC3D3500FF513A /* Base */ = {isa = PBXFileReference; lastKnownFileType = file.storyboard; name = Base; path = Base.lproj/LaunchScreen.storyboard; sourceTree = "<group>"; };
		225B11CE27AC3D3500FF513A /* Info.plist */ = {isa = PBXFileReference; lastKnownFileType = text.plist.xml; path = Info.plist; sourceTree = "<group>"; };
		225B11D327AC3D3500FF513A /* HardDependenciesTests.xctest */ = {isa = PBXFileReference; explicitFileType = wrapper.cfbundle; includeInIndex = 0; path = HardDependenciesTests.xctest; sourceTree = BUILT_PRODUCTS_DIR; };
		225B11D727AC3D3500FF513A /* HardDependenciesTests.swift */ = {isa = PBXFileReference; lastKnownFileType = sourcecode.swift; path = HardDependenciesTests.swift; sourceTree = "<group>"; };
		225B11DD27AC3D3500FF513A /* HardDependenciesUITests.xctest */ = {isa = PBXFileReference; explicitFileType = wrapper.cfbundle; includeInIndex = 0; path = HardDependenciesUITests.xctest; sourceTree = BUILT_PRODUCTS_DIR; };
		225B11E127AC3D3500FF513A /* HardDependenciesUITests.swift */ = {isa = PBXFileReference; lastKnownFileType = sourcecode.swift; path = HardDependenciesUITests.swift; sourceTree = "<group>"; };
		225B11E327AC3D3500FF513A /* HardDependenciesUITestsLaunchTests.swift */ = {isa = PBXFileReference; lastKnownFileType = sourcecode.swift; path = HardDependenciesUITestsLaunchTests.swift; sourceTree = "<group>"; };
		225B11F027AC3F7300FF513A /* Analytics.swift */ = {isa = PBXFileReference; lastKnownFileType = sourcecode.swift; path = Analytics.swift; sourceTree = "<group>"; };
		225B11F227AC40FB00FF513A /* MySingletonAnalytics.swift */ = {isa = PBXFileReference; lastKnownFileType = sourcecode.swift; path = MySingletonAnalytics.swift; sourceTree = "<group>"; };
		225B11F427AC50ED00FF513A /* InstancePropertyViewController.swift */ = {isa = PBXFileReference; lastKnownFileType = sourcecode.swift; path = InstancePropertyViewController.swift; sourceTree = "<group>"; };
		225B11F627AC515300FF513A /* ClosurePropertyViewController.swift */ = {isa = PBXFileReference; lastKnownFileType = sourcecode.swift; path = ClosurePropertyViewController.swift; sourceTree = "<group>"; };
		225B11F827AC52A000FF513A /* OverrideViewController.swift */ = {isa = PBXFileReference; lastKnownFileType = sourcecode.swift; path = OverrideViewController.swift; sourceTree = "<group>"; };
		225B11F927AC52A000FF513A /* OverrideViewController.xib */ = {isa = PBXFileReference; lastKnownFileType = file.xib; path = OverrideViewController.xib; sourceTree = "<group>"; };
		225B11FC27AC536C00FF513A /* InstanceInitializerViewController.swift */ = {isa = PBXFileReference; lastKnownFileType = sourcecode.swift; path = InstanceInitializerViewController.swift; sourceTree = "<group>"; };
		225B11FD27AC536C00FF513A /* InstanceInitializerViewController.xib */ = {isa = PBXFileReference; lastKnownFileType = file.xib; path = InstanceInitializerViewController.xib; sourceTree = "<group>"; };
		225B120027AC538A00FF513A /* ClosureInitializerViewController.swift */ = {isa = PBXFileReference; lastKnownFileType = sourcecode.swift; path = ClosureInitializerViewController.swift; sourceTree = "<group>"; };
		225B120127AC538A00FF513A /* ClosureInitializerViewController.xib */ = {isa = PBXFileReference; lastKnownFileType = file.xib; path = ClosureInitializerViewController.xib; sourceTree = "<group>"; };
		225B120427AC53B500FF513A /* MySingletonViewController.swift */ = {isa = PBXFileReference; lastKnownFileType = sourcecode.swift; path = MySingletonViewController.swift; sourceTree = "<group>"; };
		225B120527AC53B500FF513A /* MySingletonViewController.xib */ = {isa = PBXFileReference; lastKnownFileType = file.xib; path = MySingletonViewController.xib; sourceTree = "<group>"; };
		225B120827AC5BEA00FF513A /* MySingletonViewControllerTests.swift */ = {isa = PBXFileReference; lastKnownFileType = sourcecode.swift; path = MySingletonViewControllerTests.swift; sourceTree = "<group>"; };
		225B120C27AC690100FF513A /* OverrideViewControllerTests.swift */ = {isa = PBXFileReference; lastKnownFileType = sourcecode.swift; path = OverrideViewControllerTests.swift; sourceTree = "<group>"; };
/* End PBXFileReference section */

/* Begin PBXFrameworksBuildPhase section */
		225B11BA27AC3D3400FF513A /* Frameworks */ = {
			isa = PBXFrameworksBuildPhase;
			buildActionMask = 2147483647;
			files = (
			);
			runOnlyForDeploymentPostprocessing = 0;
		};
		225B11D027AC3D3500FF513A /* Frameworks */ = {
			isa = PBXFrameworksBuildPhase;
			buildActionMask = 2147483647;
			files = (
			);
			runOnlyForDeploymentPostprocessing = 0;
		};
		225B11DA27AC3D3500FF513A /* Frameworks */ = {
			isa = PBXFrameworksBuildPhase;
			buildActionMask = 2147483647;
			files = (
			);
			runOnlyForDeploymentPostprocessing = 0;
		};
/* End PBXFrameworksBuildPhase section */

/* Begin PBXGroup section */
		225B11B427AC3D3400FF513A = {
			isa = PBXGroup;
			children = (
				225B11BF27AC3D3400FF513A /* HardDependencies */,
				225B11D627AC3D3500FF513A /* HardDependenciesTests */,
				225B11E027AC3D3500FF513A /* HardDependenciesUITests */,
				225B11BE27AC3D3400FF513A /* Products */,
			);
			sourceTree = "<group>";
		};
		225B11BE27AC3D3400FF513A /* Products */ = {
			isa = PBXGroup;
			children = (
				225B11BD27AC3D3400FF513A /* HardDependencies.app */,
				225B11D327AC3D3500FF513A /* HardDependenciesTests.xctest */,
				225B11DD27AC3D3500FF513A /* HardDependenciesUITests.xctest */,
			);
			name = Products;
			sourceTree = "<group>";
		};
		225B11BF27AC3D3400FF513A /* HardDependencies */ = {
			isa = PBXGroup;
			children = (
				225B11C027AC3D3400FF513A /* AppDelegate.swift */,
				225B11C227AC3D3400FF513A /* SceneDelegate.swift */,
				225B11C427AC3D3400FF513A /* ViewController.swift */,
				225B11C627AC3D3400FF513A /* Main.storyboard */,
				225B11C927AC3D3500FF513A /* Assets.xcassets */,
				225B11CB27AC3D3500FF513A /* LaunchScreen.storyboard */,
				225B11CE27AC3D3500FF513A /* Info.plist */,
				225B11F027AC3F7300FF513A /* Analytics.swift */,
				225B11F227AC40FB00FF513A /* MySingletonAnalytics.swift */,
				225B11F427AC50ED00FF513A /* InstancePropertyViewController.swift */,
				225B11F627AC515300FF513A /* ClosurePropertyViewController.swift */,
				225B11F827AC52A000FF513A /* OverrideViewController.swift */,
				225B11F927AC52A000FF513A /* OverrideViewController.xib */,
				225B11FC27AC536C00FF513A /* InstanceInitializerViewController.swift */,
				225B11FD27AC536C00FF513A /* InstanceInitializerViewController.xib */,
				225B120027AC538A00FF513A /* ClosureInitializerViewController.swift */,
				225B120127AC538A00FF513A /* ClosureInitializerViewController.xib */,
				225B120427AC53B500FF513A /* MySingletonViewController.swift */,
				225B120527AC53B500FF513A /* MySingletonViewController.xib */,
			);
			path = HardDependencies;
			sourceTree = "<group>";
		};
		225B11D627AC3D3500FF513A /* HardDependenciesTests */ = {
			isa = PBXGroup;
			children = (
				225B11D727AC3D3500FF513A /* HardDependenciesTests.swift */,
				225B120827AC5BEA00FF513A /* MySingletonViewControllerTests.swift */,
				225B120C27AC690100FF513A /* OverrideViewControllerTests.swift */,
			);
			path = HardDependenciesTests;
			sourceTree = "<group>";
		};
		225B11E027AC3D3500FF513A /* HardDependenciesUITests */ = {
			isa = PBXGroup;
			children = (
				225B11E127AC3D3500FF513A /* HardDependenciesUITests.swift */,
				225B11E327AC3D3500FF513A /* HardDependenciesUITestsLaunchTests.swift */,
			);
			path = HardDependenciesUITests;
			sourceTree = "<group>";
		};
/* End PBXGroup section */

/* Begin PBXNativeTarget section */
		225B11BC27AC3D3400FF513A /* HardDependencies */ = {
			isa = PBXNativeTarget;
			buildConfigurationList = 225B11E727AC3D3500FF513A /* Build configuration list for PBXNativeTarget "HardDependencies" */;
			buildPhases = (
				225B11B927AC3D3400FF513A /* Sources */,
				225B11BA27AC3D3400FF513A /* Frameworks */,
				225B11BB27AC3D3400FF513A /* Resources */,
			);
			buildRules = (
			);
			dependencies = (
			);
			name = HardDependencies;
			productName = HardDependencies;
			productReference = 225B11BD27AC3D3400FF513A /* HardDependencies.app */;
			productType = "com.apple.product-type.application";
		};
		225B11D227AC3D3500FF513A /* HardDependenciesTests */ = {
			isa = PBXNativeTarget;
			buildConfigurationList = 225B11EA27AC3D3500FF513A /* Build configuration list for PBXNativeTarget "HardDependenciesTests" */;
			buildPhases = (
				225B11CF27AC3D3500FF513A /* Sources */,
				225B11D027AC3D3500FF513A /* Frameworks */,
				225B11D127AC3D3500FF513A /* Resources */,
			);
			buildRules = (
			);
			dependencies = (
				225B11D527AC3D3500FF513A /* PBXTargetDependency */,
			);
			name = HardDependenciesTests;
			productName = HardDependenciesTests;
			productReference = 225B11D327AC3D3500FF513A /* HardDependenciesTests.xctest */;
			productType = "com.apple.product-type.bundle.unit-test";
		};
		225B11DC27AC3D3500FF513A /* HardDependenciesUITests */ = {
			isa = PBXNativeTarget;
			buildConfigurationList = 225B11ED27AC3D3500FF513A /* Build configuration list for PBXNativeTarget "HardDependenciesUITests" */;
			buildPhases = (
				225B11D927AC3D3500FF513A /* Sources */,
				225B11DA27AC3D3500FF513A /* Frameworks */,
				225B11DB27AC3D3500FF513A /* Resources */,
			);
			buildRules = (
			);
			dependencies = (
				225B11DF27AC3D3500FF513A /* PBXTargetDependency */,
			);
			name = HardDependenciesUITests;
			productName = HardDependenciesUITests;
			productReference = 225B11DD27AC3D3500FF513A /* HardDependenciesUITests.xctest */;
			productType = "com.apple.product-type.bundle.ui-testing";
		};
/* End PBXNativeTarget section */

/* Begin PBXProject section */
		225B11B527AC3D3400FF513A /* Project object */ = {
			isa = PBXProject;
			attributes = {
				BuildIndependentTargetsInParallel = 1;
				LastSwiftUpdateCheck = 1320;
				LastUpgradeCheck = 1320;
				TargetAttributes = {
					225B11BC27AC3D3400FF513A = {
						CreatedOnToolsVersion = 13.2.1;
					};
					225B11D227AC3D3500FF513A = {
						CreatedOnToolsVersion = 13.2.1;
						TestTargetID = 225B11BC27AC3D3400FF513A;
					};
					225B11DC27AC3D3500FF513A = {
						CreatedOnToolsVersion = 13.2.1;
						TestTargetID = 225B11BC27AC3D3400FF513A;
					};
				};
			};
			buildConfigurationList = 225B11B827AC3D3400FF513A /* Build configuration list for PBXProject "HardDependencies" */;
			compatibilityVersion = "Xcode 13.0";
			developmentRegion = en;
			hasScannedForEncodings = 0;
			knownRegions = (
				en,
				Base,
			);
			mainGroup = 225B11B427AC3D3400FF513A;
			productRefGroup = 225B11BE27AC3D3400FF513A /* Products */;
			projectDirPath = "";
			projectRoot = "";
			targets = (
				225B11BC27AC3D3400FF513A /* HardDependencies */,
				225B11D227AC3D3500FF513A /* HardDependenciesTests */,
				225B11DC27AC3D3500FF513A /* HardDependenciesUITests */,
			);
		};
/* End PBXProject section */

/* Begin PBXResourcesBuildPhase section */
		225B11BB27AC3D3400FF513A /* Resources */ = {
			isa = PBXResourcesBuildPhase;
			buildActionMask = 2147483647;
			files = (
				225B11FF27AC536C00FF513A /* InstanceInitializerViewController.xib in Resources */,
				225B11CD27AC3D3500FF513A /* LaunchScreen.storyboard in Resources */,
				225B11CA27AC3D3500FF513A /* Assets.xcassets in Resources */,
				225B11FB27AC52A000FF513A /* OverrideViewController.xib in Resources */,
				225B11C827AC3D3400FF513A /* Main.storyboard in Resources */,
				225B120327AC538A00FF513A /* ClosureInitializerViewController.xib in Resources */,
				225B120727AC53B500FF513A /* MySingletonViewController.xib in Resources */,
			);
			runOnlyForDeploymentPostprocessing = 0;
		};
		225B11D127AC3D3500FF513A /* Resources */ = {
			isa = PBXResourcesBuildPhase;
			buildActionMask = 2147483647;
			files = (
			);
			runOnlyForDeploymentPostprocessing = 0;
		};
		225B11DB27AC3D3500FF513A /* Resources */ = {
			isa = PBXResourcesBuildPhase;
			buildActionMask = 2147483647;
			files = (
			);
			runOnlyForDeploymentPostprocessing = 0;
		};
/* End PBXResourcesBuildPhase section */

/* Begin PBXSourcesBuildPhase section */
		225B11B927AC3D3400FF513A /* Sources */ = {
			isa = PBXSourcesBuildPhase;
			buildActionMask = 2147483647;
			files = (
				225B11C527AC3D3400FF513A /* ViewController.swift in Sources */,
				225B11C127AC3D3400FF513A /* AppDelegate.swift in Sources */,
				225B11F127AC3F7300FF513A /* Analytics.swift in Sources */,
				225B11F327AC40FB00FF513A /* MySingletonAnalytics.swift in Sources */,
				225B11F527AC50ED00FF513A /* InstancePropertyViewController.swift in Sources */,
				225B120627AC53B500FF513A /* MySingletonViewController.swift in Sources */,
				225B11C327AC3D3400FF513A /* SceneDelegate.swift in Sources */,
				225B11FA27AC52A000FF513A /* OverrideViewController.swift in Sources */,
				225B120227AC538A00FF513A /* ClosureInitializerViewController.swift in Sources */,
				225B11FE27AC536C00FF513A /* InstanceInitializerViewController.swift in Sources */,
				225B11F727AC515300FF513A /* ClosurePropertyViewController.swift in Sources */,
			);
			runOnlyForDeploymentPostprocessing = 0;
		};
		225B11CF27AC3D3500FF513A /* Sources */ = {
			isa = PBXSourcesBuildPhase;
			buildActionMask = 2147483647;
			files = (
				225B120927AC5BEA00FF513A /* MySingletonViewControllerTests.swift in Sources */,
				225B11D827AC3D3500FF513A /* HardDependenciesTests.swift in Sources */,
				225B120D27AC690100FF513A /* OverrideViewControllerTests.swift in Sources */,
			);
			runOnlyForDeploymentPostprocessing = 0;
		};
		225B11D927AC3D3500FF513A /* Sources */ = {
			isa = PBXSourcesBuildPhase;
			buildActionMask = 2147483647;
			files = (
				225B11E427AC3D3500FF513A /* HardDependenciesUITestsLaunchTests.swift in Sources */,
				225B11E227AC3D3500FF513A /* HardDependenciesUITests.swift in Sources */,
			);
			runOnlyForDeploymentPostprocessing = 0;
		};
/* End PBXSourcesBuildPhase section */

/* Begin PBXTargetDependency section */
		225B11D527AC3D3500FF513A /* PBXTargetDependency */ = {
			isa = PBXTargetDependency;
			target = 225B11BC27AC3D3400FF513A /* HardDependencies */;
			targetProxy = 225B11D427AC3D3500FF513A /* PBXContainerItemProxy */;
		};
		225B11DF27AC3D3500FF513A /* PBXTargetDependency */ = {
			isa = PBXTargetDependency;
			target = 225B11BC27AC3D3400FF513A /* HardDependencies */;
			targetProxy = 225B11DE27AC3D3500FF513A /* PBXContainerItemProxy */;
		};
/* End PBXTargetDependency section */

/* Begin PBXVariantGroup section */
		225B11C627AC3D3400FF513A /* Main.storyboard */ = {
			isa = PBXVariantGroup;
			children = (
				225B11C727AC3D3400FF513A /* Base */,
			);
			name = Main.storyboard;
			sourceTree = "<group>";
		};
		225B11CB27AC3D3500FF513A /* LaunchScreen.storyboard */ = {
			isa = PBXVariantGroup;
			children = (
				225B11CC27AC3D3500FF513A /* Base */,
			);
			name = LaunchScreen.storyboard;
			sourceTree = "<group>";
		};
/* End PBXVariantGroup section */

/* Begin XCBuildConfiguration section */
		225B11E527AC3D3500FF513A /* Debug */ = {
			isa = XCBuildConfiguration;
			buildSettings = {
				ALWAYS_SEARCH_USER_PATHS = NO;
				CLANG_ANALYZER_NONNULL = YES;
				CLANG_ANALYZER_NUMBER_OBJECT_CONVERSION = YES_AGGRESSIVE;
				CLANG_CXX_LANGUAGE_STANDARD = "gnu++17";
				CLANG_CXX_LIBRARY = "libc++";
				CLANG_ENABLE_MODULES = YES;
				CLANG_ENABLE_OBJC_ARC = YES;
				CLANG_ENABLE_OBJC_WEAK = YES;
				CLANG_WARN_BLOCK_CAPTURE_AUTORELEASING = YES;
				CLANG_WARN_BOOL_CONVERSION = YES;
				CLANG_WARN_COMMA = YES;
				CLANG_WARN_CONSTANT_CONVERSION = YES;
				CLANG_WARN_DEPRECATED_OBJC_IMPLEMENTATIONS = YES;
				CLANG_WARN_DIRECT_OBJC_ISA_USAGE = YES_ERROR;
				CLANG_WARN_DOCUMENTATION_COMMENTS = YES;
				CLANG_WARN_EMPTY_BODY = YES;
				CLANG_WARN_ENUM_CONVERSION = YES;
				CLANG_WARN_INFINITE_RECURSION = YES;
				CLANG_WARN_INT_CONVERSION = YES;
				CLANG_WARN_NON_LITERAL_NULL_CONVERSION = YES;
				CLANG_WARN_OBJC_IMPLICIT_RETAIN_SELF = YES;
				CLANG_WARN_OBJC_LITERAL_CONVERSION = YES;
				CLANG_WARN_OBJC_ROOT_CLASS = YES_ERROR;
				CLANG_WARN_QUOTED_INCLUDE_IN_FRAMEWORK_HEADER = YES;
				CLANG_WARN_RANGE_LOOP_ANALYSIS = YES;
				CLANG_WARN_STRICT_PROTOTYPES = YES;
				CLANG_WARN_SUSPICIOUS_MOVE = YES;
				CLANG_WARN_UNGUARDED_AVAILABILITY = YES_AGGRESSIVE;
				CLANG_WARN_UNREACHABLE_CODE = YES;
				CLANG_WARN__DUPLICATE_METHOD_MATCH = YES;
				COPY_PHASE_STRIP = NO;
				DEBUG_INFORMATION_FORMAT = dwarf;
				ENABLE_STRICT_OBJC_MSGSEND = YES;
				ENABLE_TESTABILITY = YES;
				GCC_C_LANGUAGE_STANDARD = gnu11;
				GCC_DYNAMIC_NO_PIC = NO;
				GCC_NO_COMMON_BLOCKS = YES;
				GCC_OPTIMIZATION_LEVEL = 0;
				GCC_PREPROCESSOR_DEFINITIONS = (
					"DEBUG=1",
					"$(inherited)",
				);
				GCC_WARN_64_TO_32_BIT_CONVERSION = YES;
				GCC_WARN_ABOUT_RETURN_TYPE = YES_ERROR;
				GCC_WARN_UNDECLARED_SELECTOR = YES;
				GCC_WARN_UNINITIALIZED_AUTOS = YES_AGGRESSIVE;
				GCC_WARN_UNUSED_FUNCTION = YES;
				GCC_WARN_UNUSED_VARIABLE = YES;
				IPHONEOS_DEPLOYMENT_TARGET = 15.2;
				MTL_ENABLE_DEBUG_INFO = INCLUDE_SOURCE;
				MTL_FAST_MATH = YES;
				ONLY_ACTIVE_ARCH = YES;
				SDKROOT = iphoneos;
				SWIFT_ACTIVE_COMPILATION_CONDITIONS = DEBUG;
				SWIFT_OPTIMIZATION_LEVEL = "-Onone";
			};
			name = Debug;
		};
		225B11E627AC3D3500FF513A /* Release */ = {
			isa = XCBuildConfiguration;
			buildSettings = {
				ALWAYS_SEARCH_USER_PATHS = NO;
				CLANG_ANALYZER_NONNULL = YES;
				CLANG_ANALYZER_NUMBER_OBJECT_CONVERSION = YES_AGGRESSIVE;
				CLANG_CXX_LANGUAGE_STANDARD = "gnu++17";
				CLANG_CXX_LIBRARY = "libc++";
				CLANG_ENABLE_MODULES = YES;
				CLANG_ENABLE_OBJC_ARC = YES;
				CLANG_ENABLE_OBJC_WEAK = YES;
				CLANG_WARN_BLOCK_CAPTURE_AUTORELEASING = YES;
				CLANG_WARN_BOOL_CONVERSION = YES;
				CLANG_WARN_COMMA = YES;
				CLANG_WARN_CONSTANT_CONVERSION = YES;
				CLANG_WARN_DEPRECATED_OBJC_IMPLEMENTATIONS = YES;
				CLANG_WARN_DIRECT_OBJC_ISA_USAGE = YES_ERROR;
				CLANG_WARN_DOCUMENTATION_COMMENTS = YES;
				CLANG_WARN_EMPTY_BODY = YES;
				CLANG_WARN_ENUM_CONVERSION = YES;
				CLANG_WARN_INFINITE_RECURSION = YES;
				CLANG_WARN_INT_CONVERSION = YES;
				CLANG_WARN_NON_LITERAL_NULL_CONVERSION = YES;
				CLANG_WARN_OBJC_IMPLICIT_RETAIN_SELF = YES;
				CLANG_WARN_OBJC_LITERAL_CONVERSION = YES;
				CLANG_WARN_OBJC_ROOT_CLASS = YES_ERROR;
				CLANG_WARN_QUOTED_INCLUDE_IN_FRAMEWORK_HEADER = YES;
				CLANG_WARN_RANGE_LOOP_ANALYSIS = YES;
				CLANG_WARN_STRICT_PROTOTYPES = YES;
				CLANG_WARN_SUSPICIOUS_MOVE = YES;
				CLANG_WARN_UNGUARDED_AVAILABILITY = YES_AGGRESSIVE;
				CLANG_WARN_UNREACHABLE_CODE = YES;
				CLANG_WARN__DUPLICATE_METHOD_MATCH = YES;
				COPY_PHASE_STRIP = NO;
				DEBUG_INFORMATION_FORMAT = "dwarf-with-dsym";
				ENABLE_NS_ASSERTIONS = NO;
				ENABLE_STRICT_OBJC_MSGSEND = YES;
				GCC_C_LANGUAGE_STANDARD = gnu11;
				GCC_NO_COMMON_BLOCKS = YES;
				GCC_WARN_64_TO_32_BIT_CONVERSION = YES;
				GCC_WARN_ABOUT_RETURN_TYPE = YES_ERROR;
				GCC_WARN_UNDECLARED_SELECTOR = YES;
				GCC_WARN_UNINITIALIZED_AUTOS = YES_AGGRESSIVE;
				GCC_WARN_UNUSED_FUNCTION = YES;
				GCC_WARN_UNUSED_VARIABLE = YES;
				IPHONEOS_DEPLOYMENT_TARGET = 15.2;
				MTL_ENABLE_DEBUG_INFO = NO;
				MTL_FAST_MATH = YES;
				SDKROOT = iphoneos;
				SWIFT_COMPILATION_MODE = wholemodule;
				SWIFT_OPTIMIZATION_LEVEL = "-O";
				VALIDATE_PRODUCT = YES;
			};
			name = Release;
		};
		225B11E827AC3D3500FF513A /* Debug */ = {
			isa = XCBuildConfiguration;
			buildSettings = {
				ASSETCATALOG_COMPILER_APPICON_NAME = AppIcon;
				ASSETCATALOG_COMPILER_GLOBAL_ACCENT_COLOR_NAME = AccentColor;
				CODE_SIGN_STYLE = Automatic;
				CURRENT_PROJECT_VERSION = 1;
				GENERATE_INFOPLIST_FILE = YES;
				INFOPLIST_FILE = HardDependencies/Info.plist;
				INFOPLIST_KEY_UIApplicationSupportsIndirectInputEvents = YES;
				INFOPLIST_KEY_UILaunchStoryboardName = LaunchScreen;
				INFOPLIST_KEY_UIMainStoryboardFile = Main;
				INFOPLIST_KEY_UISupportedInterfaceOrientations_iPad = "UIInterfaceOrientationPortrait UIInterfaceOrientationPortraitUpsideDown UIInterfaceOrientationLandscapeLeft UIInterfaceOrientationLandscapeRight";
				INFOPLIST_KEY_UISupportedInterfaceOrientations_iPhone = "UIInterfaceOrientationPortrait UIInterfaceOrientationLandscapeLeft UIInterfaceOrientationLandscapeRight";
				LD_RUNPATH_SEARCH_PATHS = (
					"$(inherited)",
					"@executable_path/Frameworks",
				);
				MARKETING_VERSION = 1.0;
				PRODUCT_BUNDLE_IDENTIFIER = com.battybuilds.HardDependencies;
				PRODUCT_NAME = "$(TARGET_NAME)";
				SWIFT_EMIT_LOC_STRINGS = YES;
				SWIFT_VERSION = 5.0;
				TARGETED_DEVICE_FAMILY = "1,2";
			};
			name = Debug;
		};
		225B11E927AC3D3500FF513A /* Release */ = {
			isa = XCBuildConfiguration;
			buildSettings = {
				ASSETCATALOG_COMPILER_APPICON_NAME = AppIcon;
				ASSETCATALOG_COMPILER_GLOBAL_ACCENT_COLOR_NAME = AccentColor;
				CODE_SIGN_STYLE = Automatic;
				CURRENT_PROJECT_VERSION = 1;
				GENERATE_INFOPLIST_FILE = YES;
				INFOPLIST_FILE = HardDependencies/Info.plist;
				INFOPLIST_KEY_UIApplicationSupportsIndirectInputEvents = YES;
				INFOPLIST_KEY_UILaunchStoryboardName = LaunchScreen;
				INFOPLIST_KEY_UIMainStoryboardFile = Main;
				INFOPLIST_KEY_UISupportedInterfaceOrientations_iPad = "UIInterfaceOrientationPortrait UIInterfaceOrientationPortraitUpsideDown UIInterfaceOrientationLandscapeLeft UIInterfaceOrientationLandscapeRight";
				INFOPLIST_KEY_UISupportedInterfaceOrientations_iPhone = "UIInterfaceOrientationPortrait UIInterfaceOrientationLandscapeLeft UIInterfaceOrientationLandscapeRight";
				LD_RUNPATH_SEARCH_PATHS = (
					"$(inherited)",
					"@executable_path/Frameworks",
				);
				MARKETING_VERSION = 1.0;
				PRODUCT_BUNDLE_IDENTIFIER = com.battybuilds.HardDependencies;
				PRODUCT_NAME = "$(TARGET_NAME)";
				SWIFT_EMIT_LOC_STRINGS = YES;
				SWIFT_VERSION = 5.0;
				TARGETED_DEVICE_FAMILY = "1,2";
			};
			name = Release;
		};
		225B11EB27AC3D3500FF513A /* Debug */ = {
			isa = XCBuildConfiguration;
			buildSettings = {
				ALWAYS_EMBED_SWIFT_STANDARD_LIBRARIES = YES;
				BUNDLE_LOADER = "$(TEST_HOST)";
				CODE_SIGN_STYLE = Automatic;
				CURRENT_PROJECT_VERSION = 1;
				GENERATE_INFOPLIST_FILE = YES;
				IPHONEOS_DEPLOYMENT_TARGET = 15.2;
				MARKETING_VERSION = 1.0;
				PRODUCT_BUNDLE_IDENTIFIER = com.battybuilds.HardDependenciesTests;
				PRODUCT_NAME = "$(TARGET_NAME)";
				SWIFT_EMIT_LOC_STRINGS = NO;
				SWIFT_VERSION = 5.0;
				TARGETED_DEVICE_FAMILY = "1,2";
				TEST_HOST = "$(BUILT_PRODUCTS_DIR)/HardDependencies.app/HardDependencies";
			};
			name = Debug;
		};
		225B11EC27AC3D3500FF513A /* Release */ = {
			isa = XCBuildConfiguration;
			buildSettings = {
				ALWAYS_EMBED_SWIFT_STANDARD_LIBRARIES = YES;
				BUNDLE_LOADER = "$(TEST_HOST)";
				CODE_SIGN_STYLE = Automatic;
				CURRENT_PROJECT_VERSION = 1;
				GENERATE_INFOPLIST_FILE = YES;
				IPHONEOS_DEPLOYMENT_TARGET = 15.2;
				MARKETING_VERSION = 1.0;
				PRODUCT_BUNDLE_IDENTIFIER = com.battybuilds.HardDependenciesTests;
				PRODUCT_NAME = "$(TARGET_NAME)";
				SWIFT_EMIT_LOC_STRINGS = NO;
				SWIFT_VERSION = 5.0;
				TARGETED_DEVICE_FAMILY = "1,2";
				TEST_HOST = "$(BUILT_PRODUCTS_DIR)/HardDependencies.app/HardDependencies";
			};
			name = Release;
		};
		225B11EE27AC3D3500FF513A /* Debug */ = {
			isa = XCBuildConfiguration;
			buildSettings = {
				ALWAYS_EMBED_SWIFT_STANDARD_LIBRARIES = YES;
				CODE_SIGN_STYLE = Automatic;
				CURRENT_PROJECT_VERSION = 1;
				GENERATE_INFOPLIST_FILE = YES;
				MARKETING_VERSION = 1.0;
				PRODUCT_BUNDLE_IDENTIFIER = com.battybuilds.HardDependenciesUITests;
				PRODUCT_NAME = "$(TARGET_NAME)";
				SWIFT_EMIT_LOC_STRINGS = NO;
				SWIFT_VERSION = 5.0;
				TARGETED_DEVICE_FAMILY = "1,2";
				TEST_TARGET_NAME = HardDependencies;
			};
			name = Debug;
		};
		225B11EF27AC3D3500FF513A /* Release */ = {
			isa = XCBuildConfiguration;
			buildSettings = {
				ALWAYS_EMBED_SWIFT_STANDARD_LIBRARIES = YES;
				CODE_SIGN_STYLE = Automatic;
				CURRENT_PROJECT_VERSION = 1;
				GENERATE_INFOPLIST_FILE = YES;
				MARKETING_VERSION = 1.0;
				PRODUCT_BUNDLE_IDENTIFIER = com.battybuilds.HardDependenciesUITests;
				PRODUCT_NAME = "$(TARGET_NAME)";
				SWIFT_EMIT_LOC_STRINGS = NO;
				SWIFT_VERSION = 5.0;
				TARGETED_DEVICE_FAMILY = "1,2";
				TEST_TARGET_NAME = HardDependencies;
			};
			name = Release;
		};
/* End XCBuildConfiguration section */

/* Begin XCConfigurationList section */
		225B11B827AC3D3400FF513A /* Build configuration list for PBXProject "HardDependencies" */ = {
			isa = XCConfigurationList;
			buildConfigurations = (
				225B11E527AC3D3500FF513A /* Debug */,
				225B11E627AC3D3500FF513A /* Release */,
			);
			defaultConfigurationIsVisible = 0;
			defaultConfigurationName = Release;
		};
		225B11E727AC3D3500FF513A /* Build configuration list for PBXNativeTarget "HardDependencies" */ = {
			isa = XCConfigurationList;
			buildConfigurations = (
				225B11E827AC3D3500FF513A /* Debug */,
				225B11E927AC3D3500FF513A /* Release */,
			);
			defaultConfigurationIsVisible = 0;
			defaultConfigurationName = Release;
		};
		225B11EA27AC3D3500FF513A /* Build configuration list for PBXNativeTarget "HardDependenciesTests" */ = {
			isa = XCConfigurationList;
			buildConfigurations = (
				225B11EB27AC3D3500FF513A /* Debug */,
				225B11EC27AC3D3500FF513A /* Release */,
			);
			defaultConfigurationIsVisible = 0;
			defaultConfigurationName = Release;
		};
		225B11ED27AC3D3500FF513A /* Build configuration list for PBXNativeTarget "HardDependenciesUITests" */ = {
			isa = XCConfigurationList;
			buildConfigurations = (
				225B11EE27AC3D3500FF513A /* Debug */,
				225B11EF27AC3D3500FF513A /* Release */,
			);
			defaultConfigurationIsVisible = 0;
			defaultConfigurationName = Release;
		};
/* End XCConfigurationList section */
	};
	rootObject = 225B11B527AC3D3400FF513A /* Project object */;
}
